<?xml version="1.0" encoding="utf-8"?>
<Project ToolsVersion="4.0" xmlns="http://schemas.microsoft.com/developer/msbuild/2003">
  <ItemGroup>
    <Filter Include="Include">
      <UniqueIdentifier>{40b2465d-e896-47ff-a75d-f7d70b1c7a4f}</UniqueIdentifier>
    </Filter>
    <Filter Include="Source">
      <UniqueIdentifier>{eb51085b-964b-412d-bba4-10ae169ebabd}</UniqueIdentifier>
    </Filter>
    <Filter Include="External">
      <UniqueIdentifier>{08c88fb9-3afe-4aca-b157-e472d26b8944}</UniqueIdentifier>
    </Filter>
  </ItemGroup>
  <ItemGroup>
    <ClInclude Include="include\XephTools.h">
      <Filter>Include</Filter>
    </ClInclude>
    <ClInclude Include="include\XephTools\Assert.h">
      <Filter>Include</Filter>
    </ClInclude>
    <ClInclude Include="include\XephTools\Timer.h">
      <Filter>Include</Filter>
    </ClInclude>
    <ClInclude Include="include\XephTools\SaveFile.h">
      <Filter>Include</Filter>
    </ClInclude>
    <ClInclude Include="include\XephTools\Math.h">
      <Filter>Include</Filter>
    </ClInclude>
    <ClInclude Include="include\XephTools\InputSystem.h">
      <Filter>Include</Filter>
    </ClInclude>
    <ClInclude Include="include\XephTools\AesIO.h">
      <Filter>Include</Filter>
    </ClInclude>
    <ClInclude Include="src\external\AES.h">
      <Filter>External</Filter>
    </ClInclude>
    <ClInclude Include="include\XephTools\BinaryIO.h">
      <Filter>Include</Filter>
    </ClInclude>
    <ClInclude Include="include\XephTools\AesBinaryIO.h">
      <Filter>Include</Filter>
    </ClInclude>
  </ItemGroup>
  <ItemGroup>
    <ClCompile Include="src\SaveFile.cpp">
      <Filter>Source</Filter>
    </ClCompile>
    <ClCompile Include="src\Math.cpp">
      <Filter>Source</Filter>
    </ClCompile>
    <ClCompile Include="src\InputSystem.cpp">
      <Filter>Source</Filter>
    </ClCompile>
    <ClCompile Include="src\AesIO.cpp">
      <Filter>Source</Filter>
    </ClCompile>
    <ClCompile Include="src\external\AES.cpp">
      <Filter>External</Filter>
    </ClCompile>
    <ClCompile Include="src\BinaryIO.cpp">
      <Filter>Source</Filter>
    </ClCompile>
    <ClCompile Include="src\AesBinaryIO.cpp">
      <Filter>Source</Filter>
    </ClCompile>
  </ItemGroup>
</Project>